// !$*UTF8*$!
{
	archiveVersion = 1;
	classes = {
	};
	objectVersion = 50;
	objects = {

/* Begin PBXBuildFile section */
		37BDD165257AF8DF005D65AA /* AppDelegate.swift in Sources */ = {isa = PBXBuildFile; fileRef = 37BDD164257AF8DF005D65AA /* AppDelegate.swift */; };
		37BDD167257AF8DF005D65AA /* SceneDelegate.swift in Sources */ = {isa = PBXBuildFile; fileRef = 37BDD166257AF8DF005D65AA /* SceneDelegate.swift */; };
		37BDD169257AF8DF005D65AA /* ViewController.swift in Sources */ = {isa = PBXBuildFile; fileRef = 37BDD168257AF8DF005D65AA /* ViewController.swift */; };
		37BDD16C257AF8DF005D65AA /* Main.storyboard in Resources */ = {isa = PBXBuildFile; fileRef = 37BDD16A257AF8DF005D65AA /* Main.storyboard */; };
		37BDD16E257AF8E6005D65AA /* Assets.xcassets in Resources */ = {isa = PBXBuildFile; fileRef = 37BDD16D257AF8E6005D65AA /* Assets.xcassets */; };
		37BDD171257AF8E6005D65AA /* LaunchScreen.storyboard in Resources */ = {isa = PBXBuildFile; fileRef = 37BDD16F257AF8E6005D65AA /* LaunchScreen.storyboard */; };
		37BDD17C257AF8E7005D65AA /* Tip_calculatorTests.swift in Sources */ = {isa = PBXBuildFile; fileRef = 37BDD17B257AF8E7005D65AA /* Tip_calculatorTests.swift */; };
		37BDD187257AF8E7005D65AA /* Tip_calculatorUITests.swift in Sources */ = {isa = PBXBuildFile; fileRef = 37BDD186257AF8E7005D65AA /* Tip_calculatorUITests.swift */; };
/* End PBXBuildFile section */

/* Begin PBXContainerItemProxy section */
		37BDD178257AF8E7005D65AA /* PBXContainerItemProxy */ = {
			isa = PBXContainerItemProxy;
			containerPortal = 37BDD159257AF8DF005D65AA /* Project object */;
			proxyType = 1;
			remoteGlobalIDString = 37BDD160257AF8DF005D65AA;
			remoteInfo = "Tip calculator";
		};
		37BDD183257AF8E7005D65AA /* PBXContainerItemProxy */ = {
			isa = PBXContainerItemProxy;
			containerPortal = 37BDD159257AF8DF005D65AA /* Project object */;
			proxyType = 1;
			remoteGlobalIDString = 37BDD160257AF8DF005D65AA;
			remoteInfo = "Tip calculator";
		};
/* End PBXContainerItemProxy section */

/* Begin PBXFileReference section */
		37BDD161257AF8DF005D65AA /* Tip calculator.app */ = {isa = PBXFileReference; explicitFileType = wrapper.application; includeInIndex = 0; path = "Tip calculator.app"; sourceTree = BUILT_PRODUCTS_DIR; };
		37BDD164257AF8DF005D65AA /* AppDelegate.swift */ = {isa = PBXFileReference; lastKnownFileType = sourcecode.swift; path = AppDelegate.swift; sourceTree = "<group>"; };
		37BDD166257AF8DF005D65AA /* SceneDelegate.swift */ = {isa = PBXFileReference; lastKnownFileType = sourcecode.swift; path = SceneDelegate.swift; sourceTree = "<group>"; };
		37BDD168257AF8DF005D65AA /* ViewController.swift */ = {isa = PBXFileReference; lastKnownFileType = sourcecode.swift; path = ViewController.swift; sourceTree = "<group>"; };
		37BDD16B257AF8DF005D65AA /* Base */ = {isa = PBXFileReference; lastKnownFileType = file.storyboard; name = Base; path = Base.lproj/Main.storyboard; sourceTree = "<group>"; };
		37BDD16D257AF8E6005D65AA /* Assets.xcassets */ = {isa = PBXFileReference; lastKnownFileType = folder.assetcatalog; path = Assets.xcassets; sourceTree = "<group>"; };
		37BDD170257AF8E6005D65AA /* Base */ = {isa = PBXFileReference; lastKnownFileType = file.storyboard; name = Base; path = Base.lproj/LaunchScreen.storyboard; sourceTree = "<group>"; };
		37BDD172257AF8E6005D65AA /* Info.plist */ = {isa = PBXFileReference; lastKnownFileType = text.plist.xml; path = Info.plist; sourceTree = "<group>"; };
		37BDD177257AF8E7005D65AA /* Tip calculatorTests.xctest */ = {isa = PBXFileReference; explicitFileType = wrapper.cfbundle; includeInIndex = 0; path = "Tip calculatorTests.xctest"; sourceTree = BUILT_PRODUCTS_DIR; };
		37BDD17B257AF8E7005D65AA /* Tip_calculatorTests.swift */ = {isa = PBXFileReference; lastKnownFileType = sourcecode.swift; path = Tip_calculatorTests.swift; sourceTree = "<group>"; };
		37BDD17D257AF8E7005D65AA /* Info.plist */ = {isa = PBXFileReference; lastKnownFileType = text.plist.xml; path = Info.plist; sourceTree = "<group>"; };
		37BDD182257AF8E7005D65AA /* Tip calculatorUITests.xctest */ = {isa = PBXFileReference; explicitFileType = wrapper.cfbundle; includeInIndex = 0; path = "Tip calculatorUITests.xctest"; sourceTree = BUILT_PRODUCTS_DIR; };
		37BDD186257AF8E7005D65AA /* Tip_calculatorUITests.swift */ = {isa = PBXFileReference; lastKnownFileType = sourcecode.swift; path = Tip_calculatorUITests.swift; sourceTree = "<group>"; };
		37BDD188257AF8E7005D65AA /* Info.plist */ = {isa = PBXFileReference; lastKnownFileType = text.plist.xml; path = Info.plist; sourceTree = "<group>"; };
/* End PBXFileReference section */

/* Begin PBXFrameworksBuildPhase section */
		37BDD15E257AF8DF005D65AA /* Frameworks */ = {
			isa = PBXFrameworksBuildPhase;
			buildActionMask = 2147483647;
			files = (
			);
			runOnlyForDeploymentPostprocessing = 0;
		};
		37BDD174257AF8E7005D65AA /* Frameworks */ = {
			isa = PBXFrameworksBuildPhase;
			buildActionMask = 2147483647;
			files = (
			);
			runOnlyForDeploymentPostprocessing = 0;
		};
		37BDD17F257AF8E7005D65AA /* Frameworks */ = {
			isa = PBXFrameworksBuildPhase;
			buildActionMask = 2147483647;
			files = (
			);
			runOnlyForDeploymentPostprocessing = 0;
		};
/* End PBXFrameworksBuildPhase section */

/* Begin PBXGroup section */
		37BDD158257AF8DF005D65AA = {
			isa = PBXGroup;
			children = (
				37BDD163257AF8DF005D65AA /* Tip calculator */,
				37BDD17A257AF8E7005D65AA /* Tip calculatorTests */,
				37BDD185257AF8E7005D65AA /* Tip calculatorUITests */,
				37BDD162257AF8DF005D65AA /* Products */,
			);
			sourceTree = "<group>";
		};
		37BDD162257AF8DF005D65AA /* Products */ = {
			isa = PBXGroup;
			children = (
				37BDD161257AF8DF005D65AA /* Tip calculator.app */,
				37BDD177257AF8E7005D65AA /* Tip calculatorTests.xctest */,
				37BDD182257AF8E7005D65AA /* Tip calculatorUITests.xctest */,
			);
			name = Products;
			sourceTree = "<group>";
		};
		37BDD163257AF8DF005D65AA /* Tip calculator */ = {
			isa = PBXGroup;
			children = (
				37BDD164257AF8DF005D65AA /* AppDelegate.swift */,
				37BDD166257AF8DF005D65AA /* SceneDelegate.swift */,
				37BDD168257AF8DF005D65AA /* ViewController.swift */,
				37BDD16A257AF8DF005D65AA /* Main.storyboard */,
				37BDD16D257AF8E6005D65AA /* Assets.xcassets */,
				37BDD16F257AF8E6005D65AA /* LaunchScreen.storyboard */,
				37BDD172257AF8E6005D65AA /* Info.plist */,
			);
			path = "Tip calculator";
			sourceTree = "<group>";
		};
		37BDD17A257AF8E7005D65AA /* Tip calculatorTests */ = {
			isa = PBXGroup;
			children = (
				37BDD17B257AF8E7005D65AA /* Tip_calculatorTests.swift */,
				37BDD17D257AF8E7005D65AA /* Info.plist */,
			);
			path = "Tip calculatorTests";
			sourceTree = "<group>";
		};
		37BDD185257AF8E7005D65AA /* Tip calculatorUITests */ = {
			isa = PBXGroup;
			children = (
				37BDD186257AF8E7005D65AA /* Tip_calculatorUITests.swift */,
				37BDD188257AF8E7005D65AA /* Info.plist */,
			);
			path = "Tip calculatorUITests";
			sourceTree = "<group>";
		};
/* End PBXGroup section */

/* Begin PBXNativeTarget section */
		37BDD160257AF8DF005D65AA /* Tip calculator */ = {
			isa = PBXNativeTarget;
			buildConfigurationList = 37BDD18B257AF8E7005D65AA /* Build configuration list for PBXNativeTarget "Tip calculator" */;
			buildPhases = (
				37BDD15D257AF8DF005D65AA /* Sources */,
				37BDD15E257AF8DF005D65AA /* Frameworks */,
				37BDD15F257AF8DF005D65AA /* Resources */,
			);
			buildRules = (
			);
			dependencies = (
			);
			name = "Tip calculator";
			productName = "Tip calculator";
			productReference = 37BDD161257AF8DF005D65AA /* Tip calculator.app */;
			productType = "com.apple.product-type.application";
		};
		37BDD176257AF8E7005D65AA /* Tip calculatorTests */ = {
			isa = PBXNativeTarget;
			buildConfigurationList = 37BDD18E257AF8E7005D65AA /* Build configuration list for PBXNativeTarget "Tip calculatorTests" */;
			buildPhases = (
				37BDD173257AF8E7005D65AA /* Sources */,
				37BDD174257AF8E7005D65AA /* Frameworks */,
				37BDD175257AF8E7005D65AA /* Resources */,
			);
			buildRules = (
			);
			dependencies = (
				37BDD179257AF8E7005D65AA /* PBXTargetDependency */,
			);
			name = "Tip calculatorTests";
			productName = "Tip calculatorTests";
			productReference = 37BDD177257AF8E7005D65AA /* Tip calculatorTests.xctest */;
			productType = "com.apple.product-type.bundle.unit-test";
		};
		37BDD181257AF8E7005D65AA /* Tip calculatorUITests */ = {
			isa = PBXNativeTarget;
			buildConfigurationList = 37BDD191257AF8E7005D65AA /* Build configuration list for PBXNativeTarget "Tip calculatorUITests" */;
			buildPhases = (
				37BDD17E257AF8E7005D65AA /* Sources */,
				37BDD17F257AF8E7005D65AA /* Frameworks */,
				37BDD180257AF8E7005D65AA /* Resources */,
			);
			buildRules = (
			);
			dependencies = (
				37BDD184257AF8E7005D65AA /* PBXTargetDependency */,
			);
			name = "Tip calculatorUITests";
			productName = "Tip calculatorUITests";
			productReference = 37BDD182257AF8E7005D65AA /* Tip calculatorUITests.xctest */;
			productType = "com.apple.product-type.bundle.ui-testing";
		};
/* End PBXNativeTarget section */

/* Begin PBXProject section */
		37BDD159257AF8DF005D65AA /* Project object */ = {
			isa = PBXProject;
			attributes = {
				LastSwiftUpdateCheck = 1220;
				LastUpgradeCheck = 1220;
				TargetAttributes = {
					37BDD160257AF8DF005D65AA = {
						CreatedOnToolsVersion = 12.2;
					};
					37BDD176257AF8E7005D65AA = {
						CreatedOnToolsVersion = 12.2;
						TestTargetID = 37BDD160257AF8DF005D65AA;
					};
					37BDD181257AF8E7005D65AA = {
						CreatedOnToolsVersion = 12.2;
						TestTargetID = 37BDD160257AF8DF005D65AA;
					};
				};
			};
			buildConfigurationList = 37BDD15C257AF8DF005D65AA /* Build configuration list for PBXProject "Tip calculator" */;
			compatibilityVersion = "Xcode 9.3";
			developmentRegion = en;
			hasScannedForEncodings = 0;
			knownRegions = (
				en,
				Base,
			);
			mainGroup = 37BDD158257AF8DF005D65AA;
			productRefGroup = 37BDD162257AF8DF005D65AA /* Products */;
			projectDirPath = "";
			projectRoot = "";
			targets = (
				37BDD160257AF8DF005D65AA /* Tip calculator */,
				37BDD176257AF8E7005D65AA /* Tip calculatorTests */,
				37BDD181257AF8E7005D65AA /* Tip calculatorUITests */,
			);
		};
/* End PBXProject section */

/* Begin PBXResourcesBuildPhase section */
		37BDD15F257AF8DF005D65AA /* Resources */ = {
			isa = PBXResourcesBuildPhase;
			buildActionMask = 2147483647;
			files = (
				37BDD171257AF8E6005D65AA /* LaunchScreen.storyboard in Resources */,
				37BDD16E257AF8E6005D65AA /* Assets.xcassets in Resources */,
				37BDD16C257AF8DF005D65AA /* Main.storyboard in Resources */,
			);
			runOnlyForDeploymentPostprocessing = 0;
		};
		37BDD175257AF8E7005D65AA /* Resources */ = {
			isa = PBXResourcesBuildPhase;
			buildActionMask = 2147483647;
			files = (
			);
			runOnlyForDeploymentPostprocessing = 0;
		};
		37BDD180257AF8E7005D65AA /* Resources */ = {
			isa = PBXResourcesBuildPhase;
			buildActionMask = 2147483647;
			files = (
			);
			runOnlyForDeploymentPostprocessing = 0;
		};
/* End PBXResourcesBuildPhase section */

/* Begin PBXSourcesBuildPhase section */
		37BDD15D257AF8DF005D65AA /* Sources */ = {
			isa = PBXSourcesBuildPhase;
			buildActionMask = 2147483647;
			files = (
				37BDD169257AF8DF005D65AA /* ViewController.swift in Sources */,
				37BDD165257AF8DF005D65AA /* AppDelegate.swift in Sources */,
				37BDD167257AF8DF005D65AA /* SceneDelegate.swift in Sources */,
			);
			runOnlyForDeploymentPostprocessing = 0;
		};
		37BDD173257AF8E7005D65AA /* Sources */ = {
			isa = PBXSourcesBuildPhase;
			buildActionMask = 2147483647;
			files = (
				37BDD17C257AF8E7005D65AA /* Tip_calculatorTests.swift in Sources */,
			);
			runOnlyForDeploymentPostprocessing = 0;
		};
		37BDD17E257AF8E7005D65AA /* Sources */ = {
			isa = PBXSourcesBuildPhase;
			buildActionMask = 2147483647;
			files = (
				37BDD187257AF8E7005D65AA /* Tip_calculatorUITests.swift in Sources */,
			);
			runOnlyForDeploymentPostprocessing = 0;
		};
/* End PBXSourcesBuildPhase section */

/* Begin PBXTargetDependency section */
		37BDD179257AF8E7005D65AA /* PBXTargetDependency */ = {
			isa = PBXTargetDependency;
			target = 37BDD160257AF8DF005D65AA /* Tip calculator */;
			targetProxy = 37BDD178257AF8E7005D65AA /* PBXContainerItemProxy */;
		};
		37BDD184257AF8E7005D65AA /* PBXTargetDependency */ = {
			isa = PBXTargetDependency;
			target = 37BDD160257AF8DF005D65AA /* Tip calculator */;
			targetProxy = 37BDD183257AF8E7005D65AA /* PBXContainerItemProxy */;
		};
/* End PBXTargetDependency section */

/* Begin PBXVariantGroup section */
		37BDD16A257AF8DF005D65AA /* Main.storyboard */ = {
			isa = PBXVariantGroup;
			children = (
				37BDD16B257AF8DF005D65AA /* Base */,
			);
			name = Main.storyboard;
			sourceTree = "<group>";
		};
		37BDD16F257AF8E6005D65AA /* LaunchScreen.storyboard */ = {
			isa = PBXVariantGroup;
			children = (
				37BDD170257AF8E6005D65AA /* Base */,
			);
			name = LaunchScreen.storyboard;
			sourceTree = "<group>";
		};
/* End PBXVariantGroup section */

/* Begin XCBuildConfiguration section */
		37BDD189257AF8E7005D65AA /* Debug */ = {
			isa = XCBuildConfiguration;
			buildSettings = {
				ALWAYS_SEARCH_USER_PATHS = NO;
				CLANG_ANALYZER_NONNULL = YES;
				CLANG_ANALYZER_NUMBER_OBJECT_CONVERSION = YES_AGGRESSIVE;
				CLANG_CXX_LANGUAGE_STANDARD = "gnu++14";
				CLANG_CXX_LIBRARY = "libc++";
				CLANG_ENABLE_MODULES = YES;
				CLANG_ENABLE_OBJC_ARC = YES;
				CLANG_ENABLE_OBJC_WEAK = YES;
				CLANG_WARN_BLOCK_CAPTURE_AUTORELEASING = YES;
				CLANG_WARN_BOOL_CONVERSION = YES;
				CLANG_WARN_COMMA = YES;
				CLANG_WARN_CONSTANT_CONVERSION = YES;
				CLANG_WARN_DEPRECATED_OBJC_IMPLEMENTATIONS = YES;
				CLANG_WARN_DIRECT_OBJC_ISA_USAGE = YES_ERROR;
				CLANG_WARN_DOCUMENTATION_COMMENTS = YES;
				CLANG_WARN_EMPTY_BODY = YES;
				CLANG_WARN_ENUM_CONVERSION = YES;
				CLANG_WARN_INFINITE_RECURSION = YES;
				CLANG_WARN_INT_CONVERSION = YES;
				CLANG_WARN_NON_LITERAL_NULL_CONVERSION = YES;
				CLANG_WARN_OBJC_IMPLICIT_RETAIN_SELF = YES;
				CLANG_WARN_OBJC_LITERAL_CONVERSION = YES;
				CLANG_WARN_OBJC_ROOT_CLASS = YES_ERROR;
				CLANG_WARN_QUOTED_INCLUDE_IN_FRAMEWORK_HEADER = YES;
				CLANG_WARN_RANGE_LOOP_ANALYSIS = YES;
				CLANG_WARN_STRICT_PROTOTYPES = YES;
				CLANG_WARN_SUSPICIOUS_MOVE = YES;
				CLANG_WARN_UNGUARDED_AVAILABILITY = YES_AGGRESSIVE;
				CLANG_WARN_UNREACHABLE_CODE = YES;
				CLANG_WARN__DUPLICATE_METHOD_MATCH = YES;
				COPY_PHASE_STRIP = NO;
				DEBUG_INFORMATION_FORMAT = dwarf;
				ENABLE_STRICT_OBJC_MSGSEND = YES;
				ENABLE_TESTABILITY = YES;
				GCC_C_LANGUAGE_STANDARD = gnu11;
				GCC_DYNAMIC_NO_PIC = NO;
				GCC_NO_COMMON_BLOCKS = YES;
				GCC_OPTIMIZATION_LEVEL = 0;
				GCC_PREPROCESSOR_DEFINITIONS = (
					"DEBUG=1",
					"$(inherited)",
				);
				GCC_WARN_64_TO_32_BIT_CONVERSION = YES;
				GCC_WARN_ABOUT_RETURN_TYPE = YES_ERROR;
				GCC_WARN_UNDECLARED_SELECTOR = YES;
				GCC_WARN_UNINITIALIZED_AUTOS = YES_AGGRESSIVE;
				GCC_WARN_UNUSED_FUNCTION = YES;
				GCC_WARN_UNUSED_VARIABLE = YES;
				IPHONEOS_DEPLOYMENT_TARGET = 14.2;
				MTL_ENABLE_DEBUG_INFO = INCLUDE_SOURCE;
				MTL_FAST_MATH = YES;
				ONLY_ACTIVE_ARCH = YES;
				SDKROOT = iphoneos;
				SWIFT_ACTIVE_COMPILATION_CONDITIONS = DEBUG;
				SWIFT_OPTIMIZATION_LEVEL = "-Onone";
			};
			name = Debug;
		};
		37BDD18A257AF8E7005D65AA /* Release */ = {
			isa = XCBuildConfiguration;
			buildSettings = {
				ALWAYS_SEARCH_USER_PATHS = NO;
				CLANG_ANALYZER_NONNULL = YES;
				CLANG_ANALYZER_NUMBER_OBJECT_CONVERSION = YES_AGGRESSIVE;
				CLANG_CXX_LANGUAGE_STANDARD = "gnu++14";
				CLANG_CXX_LIBRARY = "libc++";
				CLANG_ENABLE_MODULES = YES;
				CLANG_ENABLE_OBJC_ARC = YES;
				CLANG_ENABLE_OBJC_WEAK = YES;
				CLANG_WARN_BLOCK_CAPTURE_AUTORELEASING = YES;
				CLANG_WARN_BOOL_CONVERSION = YES;
				CLANG_WARN_COMMA = YES;
				CLANG_WARN_CONSTANT_CONVERSION = YES;
				CLANG_WARN_DEPRECATED_OBJC_IMPLEMENTATIONS = YES;
				CLANG_WARN_DIRECT_OBJC_ISA_USAGE = YES_ERROR;
				CLANG_WARN_DOCUMENTATION_COMMENTS = YES;
				CLANG_WARN_EMPTY_BODY = YES;
				CLANG_WARN_ENUM_CONVERSION = YES;
				CLANG_WARN_INFINITE_RECURSION = YES;
				CLANG_WARN_INT_CONVERSION = YES;
				CLANG_WARN_NON_LITERAL_NULL_CONVERSION = YES;
				CLANG_WARN_OBJC_IMPLICIT_RETAIN_SELF = YES;
				CLANG_WARN_OBJC_LITERAL_CONVERSION = YES;
				CLANG_WARN_OBJC_ROOT_CLASS = YES_ERROR;
				CLANG_WARN_QUOTED_INCLUDE_IN_FRAMEWORK_HEADER = YES;
				CLANG_WARN_RANGE_LOOP_ANALYSIS = YES;
				CLANG_WARN_STRICT_PROTOTYPES = YES;
				CLANG_WARN_SUSPICIOUS_MOVE = YES;
				CLANG_WARN_UNGUARDED_AVAILABILITY = YES_AGGRESSIVE;
				CLANG_WARN_UNREACHABLE_CODE = YES;
				CLANG_WARN__DUPLICATE_METHOD_MATCH = YES;
				COPY_PHASE_STRIP = NO;
				DEBUG_INFORMATION_FORMAT = "dwarf-with-dsym";
				ENABLE_NS_ASSERTIONS = NO;
				ENABLE_STRICT_OBJC_MSGSEND = YES;
				GCC_C_LANGUAGE_STANDARD = gnu11;
				GCC_NO_COMMON_BLOCKS = YES;
				GCC_WARN_64_TO_32_BIT_CONVERSION = YES;
				GCC_WARN_ABOUT_RETURN_TYPE = YES_ERROR;
				GCC_WARN_UNDECLARED_SELECTOR = YES;
				GCC_WARN_UNINITIALIZED_AUTOS = YES_AGGRESSIVE;
				GCC_WARN_UNUSED_FUNCTION = YES;
				GCC_WARN_UNUSED_VARIABLE = YES;
				IPHONEOS_DEPLOYMENT_TARGET = 14.2;
				MTL_ENABLE_DEBUG_INFO = NO;
				MTL_FAST_MATH = YES;
				SDKROOT = iphoneos;
				SWIFT_COMPILATION_MODE = wholemodule;
				SWIFT_OPTIMIZATION_LEVEL = "-O";
				VALIDATE_PRODUCT = YES;
			};
			name = Release;
		};
		37BDD18C257AF8E7005D65AA /* Debug */ = {
			isa = XCBuildConfiguration;
			buildSettings = {
				ASSETCATALOG_COMPILER_APPICON_NAME = AppIcon;
				ASSETCATALOG_COMPILER_GLOBAL_ACCENT_COLOR_NAME = AccentColor;
				CODE_SIGN_STYLE = Automatic;
				INFOPLIST_FILE = "Tip calculator/Info.plist";
				LD_RUNPATH_SEARCH_PATHS = (
					"$(inherited)",
					"@executable_path/Frameworks",
				);
				PRODUCT_BUNDLE_IDENTIFIER = "Codepath.Tip-calculator";
				PRODUCT_NAME = "$(TARGET_NAME)";
				SWIFT_VERSION = 5.0;
				TARGETED_DEVICE_FAMILY = "1,2";
			};
			name = Debug;
		};
		37BDD18D257AF8E7005D65AA /* Release */ = {
			isa = XCBuildConfiguration;
			buildSettings = {
				ASSETCATALOG_COMPILER_APPICON_NAME = AppIcon;
				ASSETCATALOG_COMPILER_GLOBAL_ACCENT_COLOR_NAME = AccentColor;
				CODE_SIGN_STYLE = Automatic;
				INFOPLIST_FILE = "Tip calculator/Info.plist";
				LD_RUNPATH_SEARCH_PATHS = (
					"$(inherited)",
					"@executable_path/Frameworks",
				);
				PRODUCT_BUNDLE_IDENTIFIER = "Codepath.Tip-calculator";
				PRODUCT_NAME = "$(TARGET_NAME)";
				SWIFT_VERSION = 5.0;
				TARGETED_DEVICE_FAMILY = "1,2";
			};
			name = Release;
		};
		37BDD18F257AF8E7005D65AA /* Debug */ = {
			isa = XCBuildConfiguration;
			buildSettings = {
				ALWAYS_EMBED_SWIFT_STANDARD_LIBRARIES = YES;
				BUNDLE_LOADER = "$(TEST_HOST)";
				CODE_SIGN_STYLE = Automatic;
				INFOPLIST_FILE = "Tip calculatorTests/Info.plist";
				IPHONEOS_DEPLOYMENT_TARGET = 14.2;
				LD_RUNPATH_SEARCH_PATHS = (
					"$(inherited)",
					"@executable_path/Frameworks",
					"@loader_path/Frameworks",
				);
				PRODUCT_BUNDLE_IDENTIFIER = "Codepath.Tip-calculatorTests";
				PRODUCT_NAME = "$(TARGET_NAME)";
				SWIFT_VERSION = 5.0;
				TARGETED_DEVICE_FAMILY = "1,2";
				TEST_HOST = "$(BUILT_PRODUCTS_DIR)/Tip calculator.app/Tip calculator";
			};
			name = Debug;
		};
		37BDD190257AF8E7005D65AA /* Release */ = {
			isa = XCBuildConfiguration;
			buildSettings = {
				ALWAYS_EMBED_SWIFT_STANDARD_LIBRARIES = YES;
				BUNDLE_LOADER = "$(TEST_HOST)";
				CODE_SIGN_STYLE = Automatic;
				INFOPLIST_FILE = "Tip calculatorTests/Info.plist";
				IPHONEOS_DEPLOYMENT_TARGET = 14.2;
				LD_RUNPATH_SEARCH_PATHS = (
					"$(inherited)",
					"@executable_path/Frameworks",
					"@loader_path/Frameworks",
				);
				PRODUCT_BUNDLE_IDENTIFIER = "Codepath.Tip-calculatorTests";
				PRODUCT_NAME = "$(TARGET_NAME)";
				SWIFT_VERSION = 5.0;
				TARGETED_DEVICE_FAMILY = "1,2";
				TEST_HOST = "$(BUILT_PRODUCTS_DIR)/Tip calculator.app/Tip calculator";
			};
			name = Release;
		};
		37BDD192257AF8E7005D65AA /* Debug */ = {
			isa = XCBuildConfiguration;
			buildSettings = {
				ALWAYS_EMBED_SWIFT_STANDARD_LIBRARIES = YES;
				CODE_SIGN_STYLE = Automatic;
				INFOPLIST_FILE = "Tip calculatorUITests/Info.plist";
				LD_RUNPATH_SEARCH_PATHS = (
					"$(inherited)",
					"@executable_path/Frameworks",
					"@loader_path/Frameworks",
				);
				PRODUCT_BUNDLE_IDENTIFIER = "Codepath.Tip-calculatorUITests";
				PRODUCT_NAME = "$(TARGET_NAME)";
				SWIFT_VERSION = 5.0;
				TARGETED_DEVICE_FAMILY = "1,2";
				TEST_TARGET_NAME = "Tip calculator";
			};
			name = Debug;
		};
		37BDD193257AF8E7005D65AA /* Release */ = {
			isa = XCBuildConfiguration;
			buildSettings = {
				ALWAYS_EMBED_SWIFT_STANDARD_LIBRARIES = YES;
				CODE_SIGN_STYLE = Automatic;
				INFOPLIST_FILE = "Tip calculatorUITests/Info.plist";
				LD_RUNPATH_SEARCH_PATHS = (
					"$(inherited)",
					"@executable_path/Frameworks",
					"@loader_path/Frameworks",
				);
				PRODUCT_BUNDLE_IDENTIFIER = "Codepath.Tip-calculatorUITests";
				PRODUCT_NAME = "$(TARGET_NAME)";
				SWIFT_VERSION = 5.0;
				TARGETED_DEVICE_FAMILY = "1,2";
				TEST_TARGET_NAME = "Tip calculator";
			};
			name = Release;
		};
/* End XCBuildConfiguration section */

/* Begin XCConfigurationList section */
		37BDD15C257AF8DF005D65AA /* Build configuration list for PBXProject "Tip calculator" */ = {
			isa = XCConfigurationList;
			buildConfigurations = (
				37BDD189257AF8E7005D65AA /* Debug */,
				37BDD18A257AF8E7005D65AA /* Release */,
			);
			defaultConfigurationIsVisible = 0;
			defaultConfigurationName = Release;
		};
		37BDD18B257AF8E7005D65AA /* Build configuration list for PBXNativeTarget "Tip calculator" */ = {
			isa = XCConfigurationList;
			buildConfigurations = (
				37BDD18C257AF8E7005D65AA /* Debug */,
				37BDD18D257AF8E7005D65AA /* Release */,
			);
			defaultConfigurationIsVisible = 0;
			defaultConfigurationName = Release;
		};
		37BDD18E257AF8E7005D65AA /* Build configuration list for PBXNativeTarget "Tip calculatorTests" */ = {
			isa = XCConfigurationList;
			buildConfigurations = (
				37BDD18F257AF8E7005D65AA /* Debug */,
				37BDD190257AF8E7005D65AA /* Release */,
			);
			defaultConfigurationIsVisible = 0;
			defaultConfigurationName = Release;
		};
		37BDD191257AF8E7005D65AA /* Build configuration list for PBXNativeTarget "Tip calculatorUITests" */ = {
			isa = XCConfigurationList;
			buildConfigurations = (
				37BDD192257AF8E7005D65AA /* Debug */,
				37BDD193257AF8E7005D65AA /* Release */,
			);
			defaultConfigurationIsVisible = 0;
			defaultConfigurationName = Release;
		};
/* End XCConfigurationList section */
	};
	rootObject = 37BDD159257AF8DF005D65AA /* Project object */;
}
